github.com/davecgh/go-spew v1.1.1 h1:vj9j/u1bqnvCEfJOwUhtlOARqs3+rkHYY13jYWTU97c=
github.com/libdns/hosttech v1.1.0 h1:1fhhiUXtghglO4l9pQx3tMiHdZ9b+fMFIEq+jqflF+A=
github.com/libdns/hosttech v1.1.0/go.mod h1:L+Jyl3yFZMcoiPwPu6o+HRyAlv3yssD3DTu5OC+YwL8=
github.com/libdns/libdns v0.2.3 h1:ba30K4ObwMGB/QTmqUxf3H4/GmUrCAIkMWejeGl12v8=
github.com/libdns/libdns v0.2.3/go.mod h1:4Bj9+5CQiNMVGf87wjX4CY3HQJypUHRuLvlsfsZqLWQ=
github.com/pmezard/go-difflib v1.0.0 h1:4DBwDE0NGyQoBHbLQYPwSUPoCMWR5BEzIk/f1lZbAQM=
github.com/stretchr/testify v1.9.0 h1:HtqpIVDClZ4nwg75+f6Lvsy/wHu+3BoSGCbBAcpTsTg=
gopkg.in/yaml.v3 v3.0.1 h1:fxVm/GzAzEWqLHuvctI91KS9hhNmmWOoWu0XTYJS7CA=
